// !$*UTF8*$!
{
	archiveVersion = 1;
	classes = {
	};
	objectVersion = 46;
	objects = {

/* Begin PBXBuildFile section */
		9C0966C219895843007E7E4D /* PJCore.m in Sources */ = {isa = PBXBuildFile; fileRef = 9C0966C119895843007E7E4D /* PJCore.m */; };
		9C5CBD79198CC8C200A7658C /* CoreViewController.m in Sources */ = {isa = PBXBuildFile; fileRef = 9C5CBD78198CC8C200A7658C /* CoreViewController.m */; };
		9C5CBD7B198CEB2700A7658C /* core.h in Headers */ = {isa = PBXBuildFile; fileRef = 9CE7EBCF19873DAC0013FEF4 /* core.h */; settings = {ATTRIBUTES = (Public, ); }; };
		9C5CBD7C198CEB2700A7658C /* MKAnnotationView+WebCache.h in Headers */ = {isa = PBXBuildFile; fileRef = 9C60565D1987F68900650C63 /* MKAnnotationView+WebCache.h */; settings = {ATTRIBUTES = (Public, ); }; };
		9C5CBD7D198CEB2700A7658C /* NSData+ImageContentType.h in Headers */ = {isa = PBXBuildFile; fileRef = 9C60565F1987F68900650C63 /* NSData+ImageContentType.h */; settings = {ATTRIBUTES = (Public, ); }; };
		9C5CBD7E198CEB2700A7658C /* SDImageCache.h in Headers */ = {isa = PBXBuildFile; fileRef = 9C6056611987F68900650C63 /* SDImageCache.h */; settings = {ATTRIBUTES = (Public, ); }; };
		9C5CBD7F198CEB2700A7658C /* SDWebImageCompat.h in Headers */ = {isa = PBXBuildFile; fileRef = 9C6056631987F68900650C63 /* SDWebImageCompat.h */; settings = {ATTRIBUTES = (Public, ); }; };
		9C5CBD80198CEB2700A7658C /* SDWebImageDecoder.h in Headers */ = {isa = PBXBuildFile; fileRef = 9C6056651987F68900650C63 /* SDWebImageDecoder.h */; settings = {ATTRIBUTES = (Public, ); }; };
		9C5CBD81198CEB2700A7658C /* SDWebImageDownloader.h in Headers */ = {isa = PBXBuildFile; fileRef = 9C6056671987F68900650C63 /* SDWebImageDownloader.h */; settings = {ATTRIBUTES = (Public, ); }; };
		9C5CBD82198CEB2700A7658C /* SDWebImageDownloaderOperation.h in Headers */ = {isa = PBXBuildFile; fileRef = 9C6056691987F68900650C63 /* SDWebImageDownloaderOperation.h */; settings = {ATTRIBUTES = (Public, ); }; };
		9C5CBD83198CEB2700A7658C /* SDWebImageManager.h in Headers */ = {isa = PBXBuildFile; fileRef = 9C60566B1987F68900650C63 /* SDWebImageManager.h */; settings = {ATTRIBUTES = (Public, ); }; };
		9C5CBD84198CEB2700A7658C /* SDWebImageOperation.h in Headers */ = {isa = PBXBuildFile; fileRef = 9C60566D1987F68900650C63 /* SDWebImageOperation.h */; settings = {ATTRIBUTES = (Public, ); }; };
		9C5CBD85198CEB2700A7658C /* SDWebImagePrefetcher.h in Headers */ = {isa = PBXBuildFile; fileRef = 9C60566E1987F68900650C63 /* SDWebImagePrefetcher.h */; settings = {ATTRIBUTES = (Public, ); }; };
		9C5CBD86198CEB2700A7658C /* UIButton+WebCache.h in Headers */ = {isa = PBXBuildFile; fileRef = 9C6056701987F68900650C63 /* UIButton+WebCache.h */; settings = {ATTRIBUTES = (Public, ); }; };
		9C5CBD87198CEB2700A7658C /* UIImage+GIF.h in Headers */ = {isa = PBXBuildFile; fileRef = 9C6056721987F68900650C63 /* UIImage+GIF.h */; settings = {ATTRIBUTES = (Public, ); }; };
		9C5CBD88198CEB2700A7658C /* UIImage+MultiFormat.h in Headers */ = {isa = PBXBuildFile; fileRef = 9C6056741987F68900650C63 /* UIImage+MultiFormat.h */; settings = {ATTRIBUTES = (Public, ); }; };
		9C5CBD89198CEB2700A7658C /* UIImage+WebP.h in Headers */ = {isa = PBXBuildFile; fileRef = 9C6056761987F68900650C63 /* UIImage+WebP.h */; settings = {ATTRIBUTES = (Public, ); }; };
		9C5CBD8A198CEB2700A7658C /* UIImageView+HighlightedWebCache.h in Headers */ = {isa = PBXBuildFile; fileRef = 9C6056781987F68900650C63 /* UIImageView+HighlightedWebCache.h */; settings = {ATTRIBUTES = (Public, ); }; };
		9C5CBD8B198CEB2700A7658C /* UIImageView+WebCache.h in Headers */ = {isa = PBXBuildFile; fileRef = 9C60567A1987F68900650C63 /* UIImageView+WebCache.h */; settings = {ATTRIBUTES = (Public, ); }; };
		9C5CBD8C198CEB2700A7658C /* UIView+WebCacheOperation.h in Headers */ = {isa = PBXBuildFile; fileRef = 9C60567C1987F68900650C63 /* UIView+WebCacheOperation.h */; settings = {ATTRIBUTES = (Public, ); }; };
		9C5CBD8D198CEB2700A7658C /* HttpResult.h in Headers */ = {isa = PBXBuildFile; fileRef = 9CE7EC241987A0470013FEF4 /* HttpResult.h */; settings = {ATTRIBUTES = (Public, ); }; };
		9C5CBD8E198CEB2700A7658C /* NSDictionary+HTTPDictionary.h in Headers */ = {isa = PBXBuildFile; fileRef = 9CB4B8FE1988C29D00EEEBB0 /* NSDictionary+HTTPDictionary.h */; settings = {ATTRIBUTES = (Public, ); }; };
		9C5CBD8F198CEB2700A7658C /* XMLElement.h in Headers */ = {isa = PBXBuildFile; fileRef = 9C6056561987E4D900650C63 /* XMLElement.h */; settings = {ATTRIBUTES = (Public, ); }; };
		9C5CBD90198CEB2700A7658C /* GTMBase64.h in Headers */ = {isa = PBXBuildFile; fileRef = 9C6056521987E3C000650C63 /* GTMBase64.h */; settings = {ATTRIBUTES = (Public, ); }; };
		9C5CBD91198CEB2700A7658C /* GTMDefines.h in Headers */ = {isa = PBXBuildFile; fileRef = 9C6056541987E3C000650C63 /* GTMDefines.h */; settings = {ATTRIBUTES = (Public, ); }; };
		9C5CBD92198CEB2700A7658C /* ColorUtility.h in Headers */ = {isa = PBXBuildFile; fileRef = 9C60563E1987E29500650C63 /* ColorUtility.h */; settings = {ATTRIBUTES = (Public, ); }; };
		9C5CBD93198CEB2700A7658C /* DESUtility.h in Headers */ = {isa = PBXBuildFile; fileRef = 9C6056401987E29500650C63 /* DESUtility.h */; settings = {ATTRIBUTES = (Public, ); }; };
		9C5CBD94198CEB2700A7658C /* DeviceUtility.h in Headers */ = {isa = PBXBuildFile; fileRef = 9C6056421987E29500650C63 /* DeviceUtility.h */; settings = {ATTRIBUTES = (Public, ); }; };
		9C5CBD95198CEB2700A7658C /* HttpUtility.h in Headers */ = {isa = PBXBuildFile; fileRef = 9C6056441987E29500650C63 /* HttpUtility.h */; settings = {ATTRIBUTES = (Public, ); }; };
		9C5CBD96198CEB2700A7658C /* ICShortBuffer.h in Headers */ = {isa = PBXBuildFile; fileRef = 9C6056461987E29500650C63 /* ICShortBuffer.h */; settings = {ATTRIBUTES = (Public, ); }; };
		9C5CBD97198CEB2700A7658C /* ImageUtility.h in Headers */ = {isa = PBXBuildFile; fileRef = 9C6056481987E29500650C63 /* ImageUtility.h */; settings = {ATTRIBUTES = (Public, ); }; };
		9C5CBD98198CEB2700A7658C /* pinyin.h in Headers */ = {isa = PBXBuildFile; fileRef = 9CE7EC2119879FE80013FEF4 /* pinyin.h */; settings = {ATTRIBUTES = (Public, ); }; };
		9C5CBD99198CEB2700A7658C /* FMDatabase.h in Headers */ = {isa = PBXBuildFile; fileRef = 9CE7EC09198764E00013FEF4 /* FMDatabase.h */; settings = {ATTRIBUTES = (Public, ); }; };
		9C5CBD9A198CEB2700A7658C /* FMDatabaseAdditions.h in Headers */ = {isa = PBXBuildFile; fileRef = 9CE7EC0B198764E00013FEF4 /* FMDatabaseAdditions.h */; settings = {ATTRIBUTES = (Public, ); }; };
		9C5CBD9B198CEB2700A7658C /* FMDatabasePool.h in Headers */ = {isa = PBXBuildFile; fileRef = 9CE7EC0D198764E00013FEF4 /* FMDatabasePool.h */; settings = {ATTRIBUTES = (Public, ); }; };
		9C5CBD9C198CEB2700A7658C /* FMDatabaseQueue.h in Headers */ = {isa = PBXBuildFile; fileRef = 9CE7EC0F198764E00013FEF4 /* FMDatabaseQueue.h */; settings = {ATTRIBUTES = (Public, ); }; };
		9C5CBD9D198CEB2800A7658C /* FMDB.h in Headers */ = {isa = PBXBuildFile; fileRef = 9CE7EC11198764E00013FEF4 /* FMDB.h */; settings = {ATTRIBUTES = (Public, ); }; };
		9C5CBD9E198CEB2800A7658C /* FMResultSet.h in Headers */ = {isa = PBXBuildFile; fileRef = 9CE7EC12198764E00013FEF4 /* FMResultSet.h */; settings = {ATTRIBUTES = (Public, ); }; };
		9C5CBD9F198CEB2800A7658C /* CoreDatabase.h in Headers */ = {isa = PBXBuildFile; fileRef = 9CE7EBF4198748590013FEF4 /* CoreDatabase.h */; settings = {ATTRIBUTES = (Public, ); }; };
		9C5CBDA0198CEB2800A7658C /* NSObject+ApplicationSession.h in Headers */ = {isa = PBXBuildFile; fileRef = 9CB4B9011988C2FD00EEEBB0 /* NSObject+ApplicationSession.h */; settings = {ATTRIBUTES = (Public, ); }; };
		9C5CBDA1198CEB2800A7658C /* PJCore.h in Headers */ = {isa = PBXBuildFile; fileRef = 9C0966C019895843007E7E4D /* PJCore.h */; settings = {ATTRIBUTES = (Public, ); }; };
		9C5CBDA2198CEB2800A7658C /* CoreViewController.h in Headers */ = {isa = PBXBuildFile; fileRef = 9C5CBD77198CC8C200A7658C /* CoreViewController.h */; settings = {ATTRIBUTES = (Public, ); }; };
		9C60564A1987E29500650C63 /* ColorUtility.m in Sources */ = {isa = PBXBuildFile; fileRef = 9C60563F1987E29500650C63 /* ColorUtility.m */; };
		9C60564B1987E29500650C63 /* DESUtility.m in Sources */ = {isa = PBXBuildFile; fileRef = 9C6056411987E29500650C63 /* DESUtility.m */; };
		9C60564C1987E29500650C63 /* DeviceUtility.m in Sources */ = {isa = PBXBuildFile; fileRef = 9C6056431987E29500650C63 /* DeviceUtility.m */; };
		9C60564D1987E29500650C63 /* HttpUtility.m in Sources */ = {isa = PBXBuildFile; fileRef = 9C6056451987E29500650C63 /* HttpUtility.m */; };
		9C60564E1987E29500650C63 /* ICShortBuffer.m in Sources */ = {isa = PBXBuildFile; fileRef = 9C6056471987E29500650C63 /* ICShortBuffer.m */; };
		9C60564F1987E29500650C63 /* ImageUtility.m in Sources */ = {isa = PBXBuildFile; fileRef = 9C6056491987E29500650C63 /* ImageUtility.m */; };
		9C6056511987E34300650C63 /* UIKit.framework in Frameworks */ = {isa = PBXBuildFile; fileRef = 9C6056501987E34300650C63 /* UIKit.framework */; };
		9C6056551987E3C000650C63 /* GTMBase64.m in Sources */ = {isa = PBXBuildFile; fileRef = 9C6056531987E3C000650C63 /* GTMBase64.m */; };
		9C6056581987E4D900650C63 /* XMLElement.m in Sources */ = {isa = PBXBuildFile; fileRef = 9C6056571987E4D900650C63 /* XMLElement.m */; };
		9C60567E1987F68900650C63 /* MKAnnotationView+WebCache.m in Sources */ = {isa = PBXBuildFile; fileRef = 9C60565E1987F68900650C63 /* MKAnnotationView+WebCache.m */; };
		9C60567F1987F68900650C63 /* NSData+ImageContentType.m in Sources */ = {isa = PBXBuildFile; fileRef = 9C6056601987F68900650C63 /* NSData+ImageContentType.m */; };
		9C6056801987F68900650C63 /* SDImageCache.m in Sources */ = {isa = PBXBuildFile; fileRef = 9C6056621987F68900650C63 /* SDImageCache.m */; };
		9C6056811987F68900650C63 /* SDWebImageCompat.m in Sources */ = {isa = PBXBuildFile; fileRef = 9C6056641987F68900650C63 /* SDWebImageCompat.m */; };
		9C6056821987F68900650C63 /* SDWebImageDecoder.m in Sources */ = {isa = PBXBuildFile; fileRef = 9C6056661987F68900650C63 /* SDWebImageDecoder.m */; };
		9C6056831987F68900650C63 /* SDWebImageDownloader.m in Sources */ = {isa = PBXBuildFile; fileRef = 9C6056681987F68900650C63 /* SDWebImageDownloader.m */; };
		9C6056841987F68900650C63 /* SDWebImageDownloaderOperation.m in Sources */ = {isa = PBXBuildFile; fileRef = 9C60566A1987F68900650C63 /* SDWebImageDownloaderOperation.m */; };
		9C6056851987F68900650C63 /* SDWebImageManager.m in Sources */ = {isa = PBXBuildFile; fileRef = 9C60566C1987F68900650C63 /* SDWebImageManager.m */; };
		9C6056861987F68900650C63 /* SDWebImagePrefetcher.m in Sources */ = {isa = PBXBuildFile; fileRef = 9C60566F1987F68900650C63 /* SDWebImagePrefetcher.m */; };
		9C6056871987F68900650C63 /* UIButton+WebCache.m in Sources */ = {isa = PBXBuildFile; fileRef = 9C6056711987F68900650C63 /* UIButton+WebCache.m */; };
		9C6056881987F68900650C63 /* UIImage+GIF.m in Sources */ = {isa = PBXBuildFile; fileRef = 9C6056731987F68900650C63 /* UIImage+GIF.m */; };
		9C6056891987F68900650C63 /* UIImage+MultiFormat.m in Sources */ = {isa = PBXBuildFile; fileRef = 9C6056751987F68900650C63 /* UIImage+MultiFormat.m */; };
		9C60568A1987F68900650C63 /* UIImage+WebP.m in Sources */ = {isa = PBXBuildFile; fileRef = 9C6056771987F68900650C63 /* UIImage+WebP.m */; };
		9C60568B1987F68900650C63 /* UIImageView+HighlightedWebCache.m in Sources */ = {isa = PBXBuildFile; fileRef = 9C6056791987F68900650C63 /* UIImageView+HighlightedWebCache.m */; };
		9C60568C1987F68900650C63 /* UIImageView+WebCache.m in Sources */ = {isa = PBXBuildFile; fileRef = 9C60567B1987F68900650C63 /* UIImageView+WebCache.m */; };
		9C60568D1987F68900650C63 /* UIView+WebCacheOperation.m in Sources */ = {isa = PBXBuildFile; fileRef = 9C60567D1987F68900650C63 /* UIView+WebCacheOperation.m */; };
		9CB4B9001988C29D00EEEBB0 /* NSDictionary+HTTPDictionary.m in Sources */ = {isa = PBXBuildFile; fileRef = 9CB4B8FF1988C29D00EEEBB0 /* NSDictionary+HTTPDictionary.m */; };
		9CB4B9031988C2FD00EEEBB0 /* NSObject+ApplicationSession.m in Sources */ = {isa = PBXBuildFile; fileRef = 9CB4B9021988C2FD00EEEBB0 /* NSObject+ApplicationSession.m */; };
		9CC4A9CD198FDAE800A5309F /* libASIHTTPRequest.a in Frameworks */ = {isa = PBXBuildFile; fileRef = 9CC4A9CC198FDAE800A5309F /* libASIHTTPRequest.a */; };
		9CC4AA60198FDBE500A5309F /* ASIAuthenticationDialog.h in Headers */ = {isa = PBXBuildFile; fileRef = 9CC4AA44198FDBE500A5309F /* ASIAuthenticationDialog.h */; settings = {ATTRIBUTES = (Public, ); }; };
		9CC4AA61198FDBE500A5309F /* ASICacheDelegate.h in Headers */ = {isa = PBXBuildFile; fileRef = 9CC4AA45198FDBE500A5309F /* ASICacheDelegate.h */; settings = {ATTRIBUTES = (Public, ); }; };
		9CC4AA62198FDBE500A5309F /* ASICloudFilesCDNRequest.h in Headers */ = {isa = PBXBuildFile; fileRef = 9CC4AA46198FDBE500A5309F /* ASICloudFilesCDNRequest.h */; settings = {ATTRIBUTES = (Public, ); }; };
		9CC4AA63198FDBE500A5309F /* ASICloudFilesContainer.h in Headers */ = {isa = PBXBuildFile; fileRef = 9CC4AA47198FDBE500A5309F /* ASICloudFilesContainer.h */; settings = {ATTRIBUTES = (Public, ); }; };
		9CC4AA64198FDBE500A5309F /* ASICloudFilesContainerRequest.h in Headers */ = {isa = PBXBuildFile; fileRef = 9CC4AA48198FDBE500A5309F /* ASICloudFilesContainerRequest.h */; settings = {ATTRIBUTES = (Public, ); }; };
		9CC4AA65198FDBE500A5309F /* ASICloudFilesContainerXMLParserDelegate.h in Headers */ = {isa = PBXBuildFile; fileRef = 9CC4AA49198FDBE500A5309F /* ASICloudFilesContainerXMLParserDelegate.h */; settings = {ATTRIBUTES = (Public, ); }; };
		9CC4AA66198FDBE500A5309F /* ASICloudFilesObject.h in Headers */ = {isa = PBXBuildFile; fileRef = 9CC4AA4A198FDBE500A5309F /* ASICloudFilesObject.h */; settings = {ATTRIBUTES = (Public, ); }; };
		9CC4AA67198FDBE500A5309F /* ASICloudFilesObjectRequest.h in Headers */ = {isa = PBXBuildFile; fileRef = 9CC4AA4B198FDBE500A5309F /* ASICloudFilesObjectRequest.h */; settings = {ATTRIBUTES = (Public, ); }; };
		9CC4AA68198FDBE500A5309F /* ASICloudFilesRequest.h in Headers */ = {isa = PBXBuildFile; fileRef = 9CC4AA4C198FDBE500A5309F /* ASICloudFilesRequest.h */; settings = {ATTRIBUTES = (Public, ); }; };
		9CC4AA69198FDBE500A5309F /* ASIDataCompressor.h in Headers */ = {isa = PBXBuildFile; fileRef = 9CC4AA4D198FDBE500A5309F /* ASIDataCompressor.h */; settings = {ATTRIBUTES = (Public, ); }; };
		9CC4AA6A198FDBE500A5309F /* ASIDataDecompressor.h in Headers */ = {isa = PBXBuildFile; fileRef = 9CC4AA4E198FDBE500A5309F /* ASIDataDecompressor.h */; settings = {ATTRIBUTES = (Public, ); }; };
		9CC4AA6B198FDBE500A5309F /* ASIDownloadCache.h in Headers */ = {isa = PBXBuildFile; fileRef = 9CC4AA4F198FDBE500A5309F /* ASIDownloadCache.h */; settings = {ATTRIBUTES = (Public, ); }; };
		9CC4AA6C198FDBE500A5309F /* ASIFormDataRequest.h in Headers */ = {isa = PBXBuildFile; fileRef = 9CC4AA50198FDBE500A5309F /* ASIFormDataRequest.h */; settings = {ATTRIBUTES = (Public, ); }; };
		9CC4AA6D198FDBE500A5309F /* ASIHTTPRequest.h in Headers */ = {isa = PBXBuildFile; fileRef = 9CC4AA51198FDBE500A5309F /* ASIHTTPRequest.h */; settings = {ATTRIBUTES = (Public, ); }; };
		9CC4AA6E198FDBE500A5309F /* ASIHTTPRequestConfig.h in Headers */ = {isa = PBXBuildFile; fileRef = 9CC4AA52198FDBE500A5309F /* ASIHTTPRequestConfig.h */; settings = {ATTRIBUTES = (Public, ); }; };
		9CC4AA6F198FDBE500A5309F /* ASIHTTPRequestDelegate.h in Headers */ = {isa = PBXBuildFile; fileRef = 9CC4AA53198FDBE500A5309F /* ASIHTTPRequestDelegate.h */; settings = {ATTRIBUTES = (Public, ); }; };
		9CC4AA70198FDBE500A5309F /* ASIInputStream.h in Headers */ = {isa = PBXBuildFile; fileRef = 9CC4AA54198FDBE500A5309F /* ASIInputStream.h */; settings = {ATTRIBUTES = (Public, ); }; };
		9CC4AA71198FDBE500A5309F /* ASINetworkQueue.h in Headers */ = {isa = PBXBuildFile; fileRef = 9CC4AA55198FDBE500A5309F /* ASINetworkQueue.h */; settings = {ATTRIBUTES = (Public, ); }; };
		9CC4AA72198FDBE500A5309F /* ASINSXMLParserCompat.h in Headers */ = {isa = PBXBuildFile; fileRef = 9CC4AA56198FDBE500A5309F /* ASINSXMLParserCompat.h */; settings = {ATTRIBUTES = (Public, ); }; };
		9CC4AA73198FDBE500A5309F /* ASIProgressDelegate.h in Headers */ = {isa = PBXBuildFile; fileRef = 9CC4AA57198FDBE500A5309F /* ASIProgressDelegate.h */; settings = {ATTRIBUTES = (Public, ); }; };
		9CC4AA74198FDBE500A5309F /* ASIS3Bucket.h in Headers */ = {isa = PBXBuildFile; fileRef = 9CC4AA58198FDBE500A5309F /* ASIS3Bucket.h */; settings = {ATTRIBUTES = (Public, ); }; };
		9CC4AA75198FDBE500A5309F /* ASIS3BucketObject.h in Headers */ = {isa = PBXBuildFile; fileRef = 9CC4AA59198FDBE500A5309F /* ASIS3BucketObject.h */; settings = {ATTRIBUTES = (Public, ); }; };
		9CC4AA76198FDBE500A5309F /* ASIS3BucketRequest.h in Headers */ = {isa = PBXBuildFile; fileRef = 9CC4AA5A198FDBE500A5309F /* ASIS3BucketRequest.h */; settings = {ATTRIBUTES = (Public, ); }; };
		9CC4AA77198FDBE500A5309F /* ASIS3ObjectRequest.h in Headers */ = {isa = PBXBuildFile; fileRef = 9CC4AA5B198FDBE500A5309F /* ASIS3ObjectRequest.h */; settings = {ATTRIBUTES = (Public, ); }; };
		9CC4AA78198FDBE500A5309F /* ASIS3Request.h in Headers */ = {isa = PBXBuildFile; fileRef = 9CC4AA5C198FDBE500A5309F /* ASIS3Request.h */; settings = {ATTRIBUTES = (Public, ); }; };
		9CC4AA79198FDBE500A5309F /* ASIS3ServiceRequest.h in Headers */ = {isa = PBXBuildFile; fileRef = 9CC4AA5D198FDBE500A5309F /* ASIS3ServiceRequest.h */; settings = {ATTRIBUTES = (Public, ); }; };
		9CC4AA7A198FDBE500A5309F /* ASIWebPageRequest.h in Headers */ = {isa = PBXBuildFile; fileRef = 9CC4AA5E198FDBE500A5309F /* ASIWebPageRequest.h */; settings = {ATTRIBUTES = (Public, ); }; };
		9CC4AA7B198FDBE500A5309F /* Reachability.h in Headers */ = {isa = PBXBuildFile; fileRef = 9CC4AA5F198FDBE500A5309F /* Reachability.h */; settings = {ATTRIBUTES = (Public, ); }; };
		9CE7EBF6198748590013FEF4 /* CoreDatabase.m in Sources */ = {isa = PBXBuildFile; fileRef = 9CE7EBF5198748590013FEF4 /* CoreDatabase.m */; };
		9CE7EC14198764E00013FEF4 /* FMDatabase.m in Sources */ = {isa = PBXBuildFile; fileRef = 9CE7EC0A198764E00013FEF4 /* FMDatabase.m */; };
		9CE7EC15198764E00013FEF4 /* FMDatabaseAdditions.m in Sources */ = {isa = PBXBuildFile; fileRef = 9CE7EC0C198764E00013FEF4 /* FMDatabaseAdditions.m */; };
		9CE7EC16198764E00013FEF4 /* FMDatabasePool.m in Sources */ = {isa = PBXBuildFile; fileRef = 9CE7EC0E198764E00013FEF4 /* FMDatabasePool.m */; };
		9CE7EC17198764E00013FEF4 /* FMDatabaseQueue.m in Sources */ = {isa = PBXBuildFile; fileRef = 9CE7EC10198764E00013FEF4 /* FMDatabaseQueue.m */; };
		9CE7EC18198764E00013FEF4 /* FMResultSet.m in Sources */ = {isa = PBXBuildFile; fileRef = 9CE7EC13198764E00013FEF4 /* FMResultSet.m */; };
		9CE7EC1A19879D620013FEF4 /* test.txt in Resources */ = {isa = PBXBuildFile; fileRef = 9CE7EC1919879D610013FEF4 /* test.txt */; };
		9CE7EC2219879FE80013FEF4 /* pinyin.c in Sources */ = {isa = PBXBuildFile; fileRef = 9CE7EC2019879FE80013FEF4 /* pinyin.c */; };
		9CE7EC261987A0470013FEF4 /* HttpResult.m in Sources */ = {isa = PBXBuildFile; fileRef = 9CE7EC251987A0470013FEF4 /* HttpResult.m */; };
		9CF4DE241985FDEA002AA984 /* CoreFoundation.framework in Frameworks */ = {isa = PBXBuildFile; fileRef = 9CF4DE231985FDEA002AA984 /* CoreFoundation.framework */; };
		9CF4DE2A1985FDEA002AA984 /* InfoPlist.strings in Resources */ = {isa = PBXBuildFile; fileRef = 9CF4DE281985FDEA002AA984 /* InfoPlist.strings */; };
/* End PBXBuildFile section */

/* Begin PBXFileReference section */
		9C0966C019895843007E7E4D /* PJCore.h */ = {isa = PBXFileReference; fileEncoding = 4; lastKnownFileType = sourcecode.c.h; path = PJCore.h; sourceTree = "<group>"; };
		9C0966C119895843007E7E4D /* PJCore.m */ = {isa = PBXFileReference; fileEncoding = 4; lastKnownFileType = sourcecode.c.objc; path = PJCore.m; sourceTree = "<group>"; };
		9C5CBD77198CC8C200A7658C /* CoreViewController.h */ = {isa = PBXFileReference; fileEncoding = 4; lastKnownFileType = sourcecode.c.h; path = CoreViewController.h; sourceTree = "<group>"; };
		9C5CBD78198CC8C200A7658C /* CoreViewController.m */ = {isa = PBXFileReference; fileEncoding = 4; lastKnownFileType = sourcecode.c.objc; path = CoreViewController.m; sourceTree = "<group>"; };
		9C60563E1987E29500650C63 /* ColorUtility.h */ = {isa = PBXFileReference; fileEncoding = 4; lastKnownFileType = sourcecode.c.h; path = ColorUtility.h; sourceTree = "<group>"; };
		9C60563F1987E29500650C63 /* ColorUtility.m */ = {isa = PBXFileReference; fileEncoding = 4; lastKnownFileType = sourcecode.c.objc; path = ColorUtility.m; sourceTree = "<group>"; };
		9C6056401987E29500650C63 /* DESUtility.h */ = {isa = PBXFileReference; fileEncoding = 4; lastKnownFileType = sourcecode.c.h; path = DESUtility.h; sourceTree = "<group>"; };
		9C6056411987E29500650C63 /* DESUtility.m */ = {isa = PBXFileReference; fileEncoding = 4; lastKnownFileType = sourcecode.c.objc; path = DESUtility.m; sourceTree = "<group>"; };
		9C6056421987E29500650C63 /* DeviceUtility.h */ = {isa = PBXFileReference; fileEncoding = 4; lastKnownFileType = sourcecode.c.h; path = DeviceUtility.h; sourceTree = "<group>"; };
		9C6056431987E29500650C63 /* DeviceUtility.m */ = {isa = PBXFileReference; fileEncoding = 4; lastKnownFileType = sourcecode.c.objc; path = DeviceUtility.m; sourceTree = "<group>"; };
		9C6056441987E29500650C63 /* HttpUtility.h */ = {isa = PBXFileReference; fileEncoding = 4; lastKnownFileType = sourcecode.c.h; path = HttpUtility.h; sourceTree = "<group>"; };
		9C6056451987E29500650C63 /* HttpUtility.m */ = {isa = PBXFileReference; fileEncoding = 4; lastKnownFileType = sourcecode.c.objc; path = HttpUtility.m; sourceTree = "<group>"; };
		9C6056461987E29500650C63 /* ICShortBuffer.h */ = {isa = PBXFileReference; fileEncoding = 4; lastKnownFileType = sourcecode.c.h; path = ICShortBuffer.h; sourceTree = "<group>"; };
		9C6056471987E29500650C63 /* ICShortBuffer.m */ = {isa = PBXFileReference; fileEncoding = 4; lastKnownFileType = sourcecode.c.objc; path = ICShortBuffer.m; sourceTree = "<group>"; };
		9C6056481987E29500650C63 /* ImageUtility.h */ = {isa = PBXFileReference; fileEncoding = 4; lastKnownFileType = sourcecode.c.h; path = ImageUtility.h; sourceTree = "<group>"; };
		9C6056491987E29500650C63 /* ImageUtility.m */ = {isa = PBXFileReference; fileEncoding = 4; lastKnownFileType = sourcecode.c.objc; path = ImageUtility.m; sourceTree = "<group>"; };
		9C6056501987E34300650C63 /* UIKit.framework */ = {isa = PBXFileReference; lastKnownFileType = wrapper.framework; name = UIKit.framework; path = System/Library/Frameworks/UIKit.framework; sourceTree = SDKROOT; };
		9C6056521987E3C000650C63 /* GTMBase64.h */ = {isa = PBXFileReference; fileEncoding = 4; lastKnownFileType = sourcecode.c.h; path = GTMBase64.h; sourceTree = "<group>"; };
		9C6056531987E3C000650C63 /* GTMBase64.m */ = {isa = PBXFileReference; fileEncoding = 4; lastKnownFileType = sourcecode.c.objc; path = GTMBase64.m; sourceTree = "<group>"; };
		9C6056541987E3C000650C63 /* GTMDefines.h */ = {isa = PBXFileReference; fileEncoding = 4; lastKnownFileType = sourcecode.c.h; path = GTMDefines.h; sourceTree = "<group>"; };
		9C6056561987E4D900650C63 /* XMLElement.h */ = {isa = PBXFileReference; fileEncoding = 4; lastKnownFileType = sourcecode.c.h; path = XMLElement.h; sourceTree = "<group>"; };
		9C6056571987E4D900650C63 /* XMLElement.m */ = {isa = PBXFileReference; fileEncoding = 4; lastKnownFileType = sourcecode.c.objc; path = XMLElement.m; sourceTree = "<group>"; };
		9C60565D1987F68900650C63 /* MKAnnotationView+WebCache.h */ = {isa = PBXFileReference; fileEncoding = 4; lastKnownFileType = sourcecode.c.h; path = "MKAnnotationView+WebCache.h"; sourceTree = "<group>"; };
		9C60565E1987F68900650C63 /* MKAnnotationView+WebCache.m */ = {isa = PBXFileReference; fileEncoding = 4; lastKnownFileType = sourcecode.c.objc; path = "MKAnnotationView+WebCache.m"; sourceTree = "<group>"; };
		9C60565F1987F68900650C63 /* NSData+ImageContentType.h */ = {isa = PBXFileReference; fileEncoding = 4; lastKnownFileType = sourcecode.c.h; path = "NSData+ImageContentType.h"; sourceTree = "<group>"; };
		9C6056601987F68900650C63 /* NSData+ImageContentType.m */ = {isa = PBXFileReference; fileEncoding = 4; lastKnownFileType = sourcecode.c.objc; path = "NSData+ImageContentType.m"; sourceTree = "<group>"; };
		9C6056611987F68900650C63 /* SDImageCache.h */ = {isa = PBXFileReference; fileEncoding = 4; lastKnownFileType = sourcecode.c.h; path = SDImageCache.h; sourceTree = "<group>"; };
		9C6056621987F68900650C63 /* SDImageCache.m */ = {isa = PBXFileReference; fileEncoding = 4; lastKnownFileType = sourcecode.c.objc; path = SDImageCache.m; sourceTree = "<group>"; };
		9C6056631987F68900650C63 /* SDWebImageCompat.h */ = {isa = PBXFileReference; fileEncoding = 4; lastKnownFileType = sourcecode.c.h; path = SDWebImageCompat.h; sourceTree = "<group>"; };
		9C6056641987F68900650C63 /* SDWebImageCompat.m */ = {isa = PBXFileReference; fileEncoding = 4; lastKnownFileType = sourcecode.c.objc; path = SDWebImageCompat.m; sourceTree = "<group>"; };
		9C6056651987F68900650C63 /* SDWebImageDecoder.h */ = {isa = PBXFileReference; fileEncoding = 4; lastKnownFileType = sourcecode.c.h; path = SDWebImageDecoder.h; sourceTree = "<group>"; };
		9C6056661987F68900650C63 /* SDWebImageDecoder.m */ = {isa = PBXFileReference; fileEncoding = 4; lastKnownFileType = sourcecode.c.objc; path = SDWebImageDecoder.m; sourceTree = "<group>"; };
		9C6056671987F68900650C63 /* SDWebImageDownloader.h */ = {isa = PBXFileReference; fileEncoding = 4; lastKnownFileType = sourcecode.c.h; path = SDWebImageDownloader.h; sourceTree = "<group>"; };
		9C6056681987F68900650C63 /* SDWebImageDownloader.m */ = {isa = PBXFileReference; fileEncoding = 4; lastKnownFileType = sourcecode.c.objc; path = SDWebImageDownloader.m; sourceTree = "<group>"; };
		9C6056691987F68900650C63 /* SDWebImageDownloaderOperation.h */ = {isa = PBXFileReference; fileEncoding = 4; lastKnownFileType = sourcecode.c.h; path = SDWebImageDownloaderOperation.h; sourceTree = "<group>"; };
		9C60566A1987F68900650C63 /* SDWebImageDownloaderOperation.m */ = {isa = PBXFileReference; fileEncoding = 4; lastKnownFileType = sourcecode.c.objc; path = SDWebImageDownloaderOperation.m; sourceTree = "<group>"; };
		9C60566B1987F68900650C63 /* SDWebImageManager.h */ = {isa = PBXFileReference; fileEncoding = 4; lastKnownFileType = sourcecode.c.h; path = SDWebImageManager.h; sourceTree = "<group>"; };
		9C60566C1987F68900650C63 /* SDWebImageManager.m */ = {isa = PBXFileReference; fileEncoding = 4; lastKnownFileType = sourcecode.c.objc; path = SDWebImageManager.m; sourceTree = "<group>"; };
		9C60566D1987F68900650C63 /* SDWebImageOperation.h */ = {isa = PBXFileReference; fileEncoding = 4; lastKnownFileType = sourcecode.c.h; path = SDWebImageOperation.h; sourceTree = "<group>"; };
		9C60566E1987F68900650C63 /* SDWebImagePrefetcher.h */ = {isa = PBXFileReference; fileEncoding = 4; lastKnownFileType = sourcecode.c.h; path = SDWebImagePrefetcher.h; sourceTree = "<group>"; };
		9C60566F1987F68900650C63 /* SDWebImagePrefetcher.m */ = {isa = PBXFileReference; fileEncoding = 4; lastKnownFileType = sourcecode.c.objc; path = SDWebImagePrefetcher.m; sourceTree = "<group>"; };
		9C6056701987F68900650C63 /* UIButton+WebCache.h */ = {isa = PBXFileReference; fileEncoding = 4; lastKnownFileType = sourcecode.c.h; path = "UIButton+WebCache.h"; sourceTree = "<group>"; };
		9C6056711987F68900650C63 /* UIButton+WebCache.m */ = {isa = PBXFileReference; fileEncoding = 4; lastKnownFileType = sourcecode.c.objc; path = "UIButton+WebCache.m"; sourceTree = "<group>"; };
		9C6056721987F68900650C63 /* UIImage+GIF.h */ = {isa = PBXFileReference; fileEncoding = 4; lastKnownFileType = sourcecode.c.h; path = "UIImage+GIF.h"; sourceTree = "<group>"; };
		9C6056731987F68900650C63 /* UIImage+GIF.m */ = {isa = PBXFileReference; fileEncoding = 4; lastKnownFileType = sourcecode.c.objc; path = "UIImage+GIF.m"; sourceTree = "<group>"; };
		9C6056741987F68900650C63 /* UIImage+MultiFormat.h */ = {isa = PBXFileReference; fileEncoding = 4; lastKnownFileType = sourcecode.c.h; path = "UIImage+MultiFormat.h"; sourceTree = "<group>"; };
		9C6056751987F68900650C63 /* UIImage+MultiFormat.m */ = {isa = PBXFileReference; fileEncoding = 4; lastKnownFileType = sourcecode.c.objc; path = "UIImage+MultiFormat.m"; sourceTree = "<group>"; };
		9C6056761987F68900650C63 /* UIImage+WebP.h */ = {isa = PBXFileReference; fileEncoding = 4; lastKnownFileType = sourcecode.c.h; path = "UIImage+WebP.h"; sourceTree = "<group>"; };
		9C6056771987F68900650C63 /* UIImage+WebP.m */ = {isa = PBXFileReference; fileEncoding = 4; lastKnownFileType = sourcecode.c.objc; path = "UIImage+WebP.m"; sourceTree = "<group>"; };
		9C6056781987F68900650C63 /* UIImageView+HighlightedWebCache.h */ = {isa = PBXFileReference; fileEncoding = 4; lastKnownFileType = sourcecode.c.h; path = "UIImageView+HighlightedWebCache.h"; sourceTree = "<group>"; };
		9C6056791987F68900650C63 /* UIImageView+HighlightedWebCache.m */ = {isa = PBXFileReference; fileEncoding = 4; lastKnownFileType = sourcecode.c.objc; path = "UIImageView+HighlightedWebCache.m"; sourceTree = "<group>"; };
		9C60567A1987F68900650C63 /* UIImageView+WebCache.h */ = {isa = PBXFileReference; fileEncoding = 4; lastKnownFileType = sourcecode.c.h; path = "UIImageView+WebCache.h"; sourceTree = "<group>"; };
		9C60567B1987F68900650C63 /* UIImageView+WebCache.m */ = {isa = PBXFileReference; fileEncoding = 4; lastKnownFileType = sourcecode.c.objc; path = "UIImageView+WebCache.m"; sourceTree = "<group>"; };
		9C60567C1987F68900650C63 /* UIView+WebCacheOperation.h */ = {isa = PBXFileReference; fileEncoding = 4; lastKnownFileType = sourcecode.c.h; path = "UIView+WebCacheOperation.h"; sourceTree = "<group>"; };
		9C60567D1987F68900650C63 /* UIView+WebCacheOperation.m */ = {isa = PBXFileReference; fileEncoding = 4; lastKnownFileType = sourcecode.c.objc; path = "UIView+WebCacheOperation.m"; sourceTree = "<group>"; };
		9CB4B8FE1988C29D00EEEBB0 /* NSDictionary+HTTPDictionary.h */ = {isa = PBXFileReference; fileEncoding = 4; lastKnownFileType = sourcecode.c.h; path = "NSDictionary+HTTPDictionary.h"; sourceTree = "<group>"; };
		9CB4B8FF1988C29D00EEEBB0 /* NSDictionary+HTTPDictionary.m */ = {isa = PBXFileReference; fileEncoding = 4; lastKnownFileType = sourcecode.c.objc; path = "NSDictionary+HTTPDictionary.m"; sourceTree = "<group>"; };
		9CB4B9011988C2FD00EEEBB0 /* NSObject+ApplicationSession.h */ = {isa = PBXFileReference; fileEncoding = 4; lastKnownFileType = sourcecode.c.h; path = "NSObject+ApplicationSession.h"; sourceTree = "<group>"; };
		9CB4B9021988C2FD00EEEBB0 /* NSObject+ApplicationSession.m */ = {isa = PBXFileReference; fileEncoding = 4; lastKnownFileType = sourcecode.c.objc; path = "NSObject+ApplicationSession.m"; sourceTree = "<group>"; };
		9CC4A9CC198FDAE800A5309F /* libASIHTTPRequest.a */ = {isa = PBXFileReference; lastKnownFileType = archive.ar; name = libASIHTTPRequest.a; path = "../../../../../../Library/Developer/Xcode/DerivedData/ASIHTTPRequest-abhqyrlqywgxkdawrjlgbrunhbmx/Build/Products/Debug-iphonesimulator/libASIHTTPRequest.a"; sourceTree = "<group>"; };
		9CC4AA44198FDBE500A5309F /* ASIAuthenticationDialog.h */ = {isa = PBXFileReference; fileEncoding = 4; lastKnownFileType = sourcecode.c.h; path = ASIAuthenticationDialog.h; sourceTree = "<group>"; };
		9CC4AA45198FDBE500A5309F /* ASICacheDelegate.h */ = {isa = PBXFileReference; fileEncoding = 4; lastKnownFileType = sourcecode.c.h; path = ASICacheDelegate.h; sourceTree = "<group>"; };
		9CC4AA46198FDBE500A5309F /* ASICloudFilesCDNRequest.h */ = {isa = PBXFileReference; fileEncoding = 4; lastKnownFileType = sourcecode.c.h; path = ASICloudFilesCDNRequest.h; sourceTree = "<group>"; };
		9CC4AA47198FDBE500A5309F /* ASICloudFilesContainer.h */ = {isa = PBXFileReference; fileEncoding = 4; lastKnownFileType = sourcecode.c.h; path = ASICloudFilesContainer.h; sourceTree = "<group>"; };
		9CC4AA48198FDBE500A5309F /* ASICloudFilesContainerRequest.h */ = {isa = PBXFileReference; fileEncoding = 4; lastKnownFileType = sourcecode.c.h; path = ASICloudFilesContainerRequest.h; sourceTree = "<group>"; };
		9CC4AA49198FDBE500A5309F /* ASICloudFilesContainerXMLParserDelegate.h */ = {isa = PBXFileReference; fileEncoding = 4; lastKnownFileType = sourcecode.c.h; path = ASICloudFilesContainerXMLParserDelegate.h; sourceTree = "<group>"; };
		9CC4AA4A198FDBE500A5309F /* ASICloudFilesObject.h */ = {isa = PBXFileReference; fileEncoding = 4; lastKnownFileType = sourcecode.c.h; path = ASICloudFilesObject.h; sourceTree = "<group>"; };
		9CC4AA4B198FDBE500A5309F /* ASICloudFilesObjectRequest.h */ = {isa = PBXFileReference; fileEncoding = 4; lastKnownFileType = sourcecode.c.h; path = ASICloudFilesObjectRequest.h; sourceTree = "<group>"; };
		9CC4AA4C198FDBE500A5309F /* ASICloudFilesRequest.h */ = {isa = PBXFileReference; fileEncoding = 4; lastKnownFileType = sourcecode.c.h; path = ASICloudFilesRequest.h; sourceTree = "<group>"; };
		9CC4AA4D198FDBE500A5309F /* ASIDataCompressor.h */ = {isa = PBXFileReference; fileEncoding = 4; lastKnownFileType = sourcecode.c.h; path = ASIDataCompressor.h; sourceTree = "<group>"; };
		9CC4AA4E198FDBE500A5309F /* ASIDataDecompressor.h */ = {isa = PBXFileReference; fileEncoding = 4; lastKnownFileType = sourcecode.c.h; path = ASIDataDecompressor.h; sourceTree = "<group>"; };
		9CC4AA4F198FDBE500A5309F /* ASIDownloadCache.h */ = {isa = PBXFileReference; fileEncoding = 4; lastKnownFileType = sourcecode.c.h; path = ASIDownloadCache.h; sourceTree = "<group>"; };
		9CC4AA50198FDBE500A5309F /* ASIFormDataRequest.h */ = {isa = PBXFileReference; fileEncoding = 4; lastKnownFileType = sourcecode.c.h; path = ASIFormDataRequest.h; sourceTree = "<group>"; };
		9CC4AA51198FDBE500A5309F /* ASIHTTPRequest.h */ = {isa = PBXFileReference; fileEncoding = 4; lastKnownFileType = sourcecode.c.h; path = ASIHTTPRequest.h; sourceTree = "<group>"; };
		9CC4AA52198FDBE500A5309F /* ASIHTTPRequestConfig.h */ = {isa = PBXFileReference; fileEncoding = 4; lastKnownFileType = sourcecode.c.h; path = ASIHTTPRequestConfig.h; sourceTree = "<group>"; };
		9CC4AA53198FDBE500A5309F /* ASIHTTPRequestDelegate.h */ = {isa = PBXFileReference; fileEncoding = 4; lastKnownFileType = sourcecode.c.h; path = ASIHTTPRequestDelegate.h; sourceTree = "<group>"; };
		9CC4AA54198FDBE500A5309F /* ASIInputStream.h */ = {isa = PBXFileReference; fileEncoding = 4; lastKnownFileType = sourcecode.c.h; path = ASIInputStream.h; sourceTree = "<group>"; };
		9CC4AA55198FDBE500A5309F /* ASINetworkQueue.h */ = {isa = PBXFileReference; fileEncoding = 4; lastKnownFileType = sourcecode.c.h; path = ASINetworkQueue.h; sourceTree = "<group>"; };
		9CC4AA56198FDBE500A5309F /* ASINSXMLParserCompat.h */ = {isa = PBXFileReference; fileEncoding = 4; lastKnownFileType = sourcecode.c.h; path = ASINSXMLParserCompat.h; sourceTree = "<group>"; };
		9CC4AA57198FDBE500A5309F /* ASIProgressDelegate.h */ = {isa = PBXFileReference; fileEncoding = 4; lastKnownFileType = sourcecode.c.h; path = ASIProgressDelegate.h; sourceTree = "<group>"; };
		9CC4AA58198FDBE500A5309F /* ASIS3Bucket.h */ = {isa = PBXFileReference; fileEncoding = 4; lastKnownFileType = sourcecode.c.h; path = ASIS3Bucket.h; sourceTree = "<group>"; };
		9CC4AA59198FDBE500A5309F /* ASIS3BucketObject.h */ = {isa = PBXFileReference; fileEncoding = 4; lastKnownFileType = sourcecode.c.h; path = ASIS3BucketObject.h; sourceTree = "<group>"; };
		9CC4AA5A198FDBE500A5309F /* ASIS3BucketRequest.h */ = {isa = PBXFileReference; fileEncoding = 4; lastKnownFileType = sourcecode.c.h; path = ASIS3BucketRequest.h; sourceTree = "<group>"; };
		9CC4AA5B198FDBE500A5309F /* ASIS3ObjectRequest.h */ = {isa = PBXFileReference; fileEncoding = 4; lastKnownFileType = sourcecode.c.h; path = ASIS3ObjectRequest.h; sourceTree = "<group>"; };
		9CC4AA5C198FDBE500A5309F /* ASIS3Request.h */ = {isa = PBXFileReference; fileEncoding = 4; lastKnownFileType = sourcecode.c.h; path = ASIS3Request.h; sourceTree = "<group>"; };
		9CC4AA5D198FDBE500A5309F /* ASIS3ServiceRequest.h */ = {isa = PBXFileReference; fileEncoding = 4; lastKnownFileType = sourcecode.c.h; path = ASIS3ServiceRequest.h; sourceTree = "<group>"; };
		9CC4AA5E198FDBE500A5309F /* ASIWebPageRequest.h */ = {isa = PBXFileReference; fileEncoding = 4; lastKnownFileType = sourcecode.c.h; path = ASIWebPageRequest.h; sourceTree = "<group>"; };
		9CC4AA5F198FDBE500A5309F /* Reachability.h */ = {isa = PBXFileReference; fileEncoding = 4; lastKnownFileType = sourcecode.c.h; path = Reachability.h; sourceTree = "<group>"; };
		9CE7EBCF19873DAC0013FEF4 /* core.h */ = {isa = PBXFileReference; fileEncoding = 4; lastKnownFileType = sourcecode.c.h; path = core.h; sourceTree = "<group>"; };
		9CE7EBF4198748590013FEF4 /* CoreDatabase.h */ = {isa = PBXFileReference; fileEncoding = 4; lastKnownFileType = sourcecode.c.h; path = CoreDatabase.h; sourceTree = "<group>"; };
		9CE7EBF5198748590013FEF4 /* CoreDatabase.m */ = {isa = PBXFileReference; fileEncoding = 4; lastKnownFileType = sourcecode.c.objc; path = CoreDatabase.m; sourceTree = "<group>"; };
		9CE7EC09198764E00013FEF4 /* FMDatabase.h */ = {isa = PBXFileReference; fileEncoding = 4; lastKnownFileType = sourcecode.c.h; path = FMDatabase.h; sourceTree = "<group>"; };
		9CE7EC0A198764E00013FEF4 /* FMDatabase.m */ = {isa = PBXFileReference; fileEncoding = 4; lastKnownFileType = sourcecode.c.objc; path = FMDatabase.m; sourceTree = "<group>"; };
		9CE7EC0B198764E00013FEF4 /* FMDatabaseAdditions.h */ = {isa = PBXFileReference; fileEncoding = 4; lastKnownFileType = sourcecode.c.h; path = FMDatabaseAdditions.h; sourceTree = "<group>"; };
		9CE7EC0C198764E00013FEF4 /* FMDatabaseAdditions.m */ = {isa = PBXFileReference; fileEncoding = 4; lastKnownFileType = sourcecode.c.objc; path = FMDatabaseAdditions.m; sourceTree = "<group>"; };
		9CE7EC0D198764E00013FEF4 /* FMDatabasePool.h */ = {isa = PBXFileReference; fileEncoding = 4; lastKnownFileType = sourcecode.c.h; path = FMDatabasePool.h; sourceTree = "<group>"; };
		9CE7EC0E198764E00013FEF4 /* FMDatabasePool.m */ = {isa = PBXFileReference; fileEncoding = 4; lastKnownFileType = sourcecode.c.objc; path = FMDatabasePool.m; sourceTree = "<group>"; };
		9CE7EC0F198764E00013FEF4 /* FMDatabaseQueue.h */ = {isa = PBXFileReference; fileEncoding = 4; lastKnownFileType = sourcecode.c.h; path = FMDatabaseQueue.h; sourceTree = "<group>"; };
		9CE7EC10198764E00013FEF4 /* FMDatabaseQueue.m */ = {isa = PBXFileReference; fileEncoding = 4; lastKnownFileType = sourcecode.c.objc; path = FMDatabaseQueue.m; sourceTree = "<group>"; };
		9CE7EC11198764E00013FEF4 /* FMDB.h */ = {isa = PBXFileReference; fileEncoding = 4; lastKnownFileType = sourcecode.c.h; path = FMDB.h; sourceTree = "<group>"; };
		9CE7EC12198764E00013FEF4 /* FMResultSet.h */ = {isa = PBXFileReference; fileEncoding = 4; lastKnownFileType = sourcecode.c.h; path = FMResultSet.h; sourceTree = "<group>"; };
		9CE7EC13198764E00013FEF4 /* FMResultSet.m */ = {isa = PBXFileReference; fileEncoding = 4; lastKnownFileType = sourcecode.c.objc; path = FMResultSet.m; sourceTree = "<group>"; };
		9CE7EC1919879D610013FEF4 /* test.txt */ = {isa = PBXFileReference; fileEncoding = 4; lastKnownFileType = text; path = test.txt; sourceTree = "<group>"; };
		9CE7EC2019879FE80013FEF4 /* pinyin.c */ = {isa = PBXFileReference; fileEncoding = 4; lastKnownFileType = sourcecode.c.c; path = pinyin.c; sourceTree = "<group>"; };
		9CE7EC2119879FE80013FEF4 /* pinyin.h */ = {isa = PBXFileReference; fileEncoding = 4; lastKnownFileType = sourcecode.c.h; path = pinyin.h; sourceTree = "<group>"; };
		9CE7EC241987A0470013FEF4 /* HttpResult.h */ = {isa = PBXFileReference; fileEncoding = 4; lastKnownFileType = sourcecode.c.h; path = HttpResult.h; sourceTree = "<group>"; };
		9CE7EC251987A0470013FEF4 /* HttpResult.m */ = {isa = PBXFileReference; fileEncoding = 4; lastKnownFileType = sourcecode.c.objc; path = HttpResult.m; sourceTree = "<group>"; };
		9CF4DDF81985FD91002AA984 /* Foundation.framework */ = {isa = PBXFileReference; lastKnownFileType = wrapper.framework; name = Foundation.framework; path = System/Library/Frameworks/Foundation.framework; sourceTree = SDKROOT; };
		9CF4DE061985FD91002AA984 /* XCTest.framework */ = {isa = PBXFileReference; lastKnownFileType = wrapper.framework; name = XCTest.framework; path = Library/Frameworks/XCTest.framework; sourceTree = DEVELOPER_DIR; };
		9CF4DE221985FDE9002AA984 /* pjcore.framework */ = {isa = PBXFileReference; explicitFileType = wrapper.cfbundle; includeInIndex = 0; path = pjcore.framework; sourceTree = BUILT_PRODUCTS_DIR; };
		9CF4DE231985FDEA002AA984 /* CoreFoundation.framework */ = {isa = PBXFileReference; lastKnownFileType = wrapper.framework; name = CoreFoundation.framework; path = System/Library/Frameworks/CoreFoundation.framework; sourceTree = SDKROOT; };
		9CF4DE271985FDEA002AA984 /* pjcore-Info.plist */ = {isa = PBXFileReference; lastKnownFileType = text.plist.xml; path = "pjcore-Info.plist"; sourceTree = "<group>"; };
		9CF4DE291985FDEA002AA984 /* en */ = {isa = PBXFileReference; lastKnownFileType = text.plist.strings; name = en; path = en.lproj/InfoPlist.strings; sourceTree = "<group>"; };
		9CF4DE2B1985FDEA002AA984 /* pjcore-Prefix.pch */ = {isa = PBXFileReference; lastKnownFileType = sourcecode.c.h; path = "pjcore-Prefix.pch"; sourceTree = "<group>"; };
/* End PBXFileReference section */

/* Begin PBXFrameworksBuildPhase section */
		9CF4DE1F1985FDE9002AA984 /* Frameworks */ = {
			isa = PBXFrameworksBuildPhase;
			buildActionMask = 2147483647;
			files = (
				9C6056511987E34300650C63 /* UIKit.framework in Frameworks */,
				9CC4A9CD198FDAE800A5309F /* libASIHTTPRequest.a in Frameworks */,
				9CF4DE241985FDEA002AA984 /* CoreFoundation.framework in Frameworks */,
			);
			runOnlyForDeploymentPostprocessing = 0;
		};
/* End PBXFrameworksBuildPhase section */

/* Begin PBXGroup section */
		9C60565C1987F68900650C63 /* SDWebImage */ = {
			isa = PBXGroup;
			children = (
				9C60565D1987F68900650C63 /* MKAnnotationView+WebCache.h */,
				9C60565E1987F68900650C63 /* MKAnnotationView+WebCache.m */,
				9C60565F1987F68900650C63 /* NSData+ImageContentType.h */,
				9C6056601987F68900650C63 /* NSData+ImageContentType.m */,
				9C6056611987F68900650C63 /* SDImageCache.h */,
				9C6056621987F68900650C63 /* SDImageCache.m */,
				9C6056631987F68900650C63 /* SDWebImageCompat.h */,
				9C6056641987F68900650C63 /* SDWebImageCompat.m */,
				9C6056651987F68900650C63 /* SDWebImageDecoder.h */,
				9C6056661987F68900650C63 /* SDWebImageDecoder.m */,
				9C6056671987F68900650C63 /* SDWebImageDownloader.h */,
				9C6056681987F68900650C63 /* SDWebImageDownloader.m */,
				9C6056691987F68900650C63 /* SDWebImageDownloaderOperation.h */,
				9C60566A1987F68900650C63 /* SDWebImageDownloaderOperation.m */,
				9C60566B1987F68900650C63 /* SDWebImageManager.h */,
				9C60566C1987F68900650C63 /* SDWebImageManager.m */,
				9C60566D1987F68900650C63 /* SDWebImageOperation.h */,
				9C60566E1987F68900650C63 /* SDWebImagePrefetcher.h */,
				9C60566F1987F68900650C63 /* SDWebImagePrefetcher.m */,
				9C6056701987F68900650C63 /* UIButton+WebCache.h */,
				9C6056711987F68900650C63 /* UIButton+WebCache.m */,
				9C6056721987F68900650C63 /* UIImage+GIF.h */,
				9C6056731987F68900650C63 /* UIImage+GIF.m */,
				9C6056741987F68900650C63 /* UIImage+MultiFormat.h */,
				9C6056751987F68900650C63 /* UIImage+MultiFormat.m */,
				9C6056761987F68900650C63 /* UIImage+WebP.h */,
				9C6056771987F68900650C63 /* UIImage+WebP.m */,
				9C6056781987F68900650C63 /* UIImageView+HighlightedWebCache.h */,
				9C6056791987F68900650C63 /* UIImageView+HighlightedWebCache.m */,
				9C60567A1987F68900650C63 /* UIImageView+WebCache.h */,
				9C60567B1987F68900650C63 /* UIImageView+WebCache.m */,
				9C60567C1987F68900650C63 /* UIView+WebCacheOperation.h */,
				9C60567D1987F68900650C63 /* UIView+WebCacheOperation.m */,
			);
			path = SDWebImage;
			sourceTree = "<group>";
		};
		9C688FB81986A8D500DF6793 /* database */ = {
			isa = PBXGroup;
			children = (
				9CE7EC08198764E00013FEF4 /* fmdb */,
				9CE7EBF4198748590013FEF4 /* CoreDatabase.h */,
				9CE7EBF5198748590013FEF4 /* CoreDatabase.m */,
			);
			path = database;
			sourceTree = "<group>";
		};
		9C688FBA1986A8D500DF6793 /* managers */ = {
			isa = PBXGroup;
			children = (
			);
			path = managers;
			sourceTree = "<group>";
		};
		9C688FBB1986A8D500DF6793 /* res */ = {
			isa = PBXGroup;
			children = (
			);
			path = res;
			sourceTree = "<group>";
		};
		9CC4AA42198FDBD200A5309F /* ASIHTTPRequest */ = {
			isa = PBXGroup;
			children = (
				9CC4AA43198FDBE500A5309F /* include */,
			);
			path = ASIHTTPRequest;
			sourceTree = "<group>";
		};
		9CC4AA43198FDBE500A5309F /* include */ = {
			isa = PBXGroup;
			children = (
				9CC4AA44198FDBE500A5309F /* ASIAuthenticationDialog.h */,
				9CC4AA45198FDBE500A5309F /* ASICacheDelegate.h */,
				9CC4AA46198FDBE500A5309F /* ASICloudFilesCDNRequest.h */,
				9CC4AA47198FDBE500A5309F /* ASICloudFilesContainer.h */,
				9CC4AA48198FDBE500A5309F /* ASICloudFilesContainerRequest.h */,
				9CC4AA49198FDBE500A5309F /* ASICloudFilesContainerXMLParserDelegate.h */,
				9CC4AA4A198FDBE500A5309F /* ASICloudFilesObject.h */,
				9CC4AA4B198FDBE500A5309F /* ASICloudFilesObjectRequest.h */,
				9CC4AA4C198FDBE500A5309F /* ASICloudFilesRequest.h */,
				9CC4AA4D198FDBE500A5309F /* ASIDataCompressor.h */,
				9CC4AA4E198FDBE500A5309F /* ASIDataDecompressor.h */,
				9CC4AA4F198FDBE500A5309F /* ASIDownloadCache.h */,
				9CC4AA50198FDBE500A5309F /* ASIFormDataRequest.h */,
				9CC4AA51198FDBE500A5309F /* ASIHTTPRequest.h */,
				9CC4AA52198FDBE500A5309F /* ASIHTTPRequestConfig.h */,
				9CC4AA53198FDBE500A5309F /* ASIHTTPRequestDelegate.h */,
				9CC4AA54198FDBE500A5309F /* ASIInputStream.h */,
				9CC4AA55198FDBE500A5309F /* ASINetworkQueue.h */,
				9CC4AA56198FDBE500A5309F /* ASINSXMLParserCompat.h */,
				9CC4AA57198FDBE500A5309F /* ASIProgressDelegate.h */,
				9CC4AA58198FDBE500A5309F /* ASIS3Bucket.h */,
				9CC4AA59198FDBE500A5309F /* ASIS3BucketObject.h */,
				9CC4AA5A198FDBE500A5309F /* ASIS3BucketRequest.h */,
				9CC4AA5B198FDBE500A5309F /* ASIS3ObjectRequest.h */,
				9CC4AA5C198FDBE500A5309F /* ASIS3Request.h */,
				9CC4AA5D198FDBE500A5309F /* ASIS3ServiceRequest.h */,
				9CC4AA5E198FDBE500A5309F /* ASIWebPageRequest.h */,
				9CC4AA5F198FDBE500A5309F /* Reachability.h */,
			);
			name = include;
			path = "../../../../../../../../../Library/Developer/Xcode/DerivedData/ASIHTTPRequest-abhqyrlqywgxkdawrjlgbrunhbmx/Build/Products/Debug-iphonesimulator/usr/local/include";
			sourceTree = "<group>";
		};
		9CE7EC08198764E00013FEF4 /* fmdb */ = {
			isa = PBXGroup;
			children = (
				9CE7EC09198764E00013FEF4 /* FMDatabase.h */,
				9CE7EC0A198764E00013FEF4 /* FMDatabase.m */,
				9CE7EC0B198764E00013FEF4 /* FMDatabaseAdditions.h */,
				9CE7EC0C198764E00013FEF4 /* FMDatabaseAdditions.m */,
				9CE7EC0D198764E00013FEF4 /* FMDatabasePool.h */,
				9CE7EC0E198764E00013FEF4 /* FMDatabasePool.m */,
				9CE7EC0F198764E00013FEF4 /* FMDatabaseQueue.h */,
				9CE7EC10198764E00013FEF4 /* FMDatabaseQueue.m */,
				9CE7EC11198764E00013FEF4 /* FMDB.h */,
				9CE7EC12198764E00013FEF4 /* FMResultSet.h */,
				9CE7EC13198764E00013FEF4 /* FMResultSet.m */,
			);
			path = fmdb;
			sourceTree = "<group>";
		};
		9CE7EC1F19879FE80013FEF4 /* utilities */ = {
			isa = PBXGroup;
			children = (
				9C6056561987E4D900650C63 /* XMLElement.h */,
				9C6056571987E4D900650C63 /* XMLElement.m */,
				9C6056521987E3C000650C63 /* GTMBase64.h */,
				9C6056531987E3C000650C63 /* GTMBase64.m */,
				9C6056541987E3C000650C63 /* GTMDefines.h */,
				9C60563E1987E29500650C63 /* ColorUtility.h */,
				9C60563F1987E29500650C63 /* ColorUtility.m */,
				9C6056401987E29500650C63 /* DESUtility.h */,
				9C6056411987E29500650C63 /* DESUtility.m */,
				9C6056421987E29500650C63 /* DeviceUtility.h */,
				9C6056431987E29500650C63 /* DeviceUtility.m */,
				9C6056441987E29500650C63 /* HttpUtility.h */,
				9C6056451987E29500650C63 /* HttpUtility.m */,
				9C6056461987E29500650C63 /* ICShortBuffer.h */,
				9C6056471987E29500650C63 /* ICShortBuffer.m */,
				9C6056481987E29500650C63 /* ImageUtility.h */,
				9C6056491987E29500650C63 /* ImageUtility.m */,
				9CE7EC2019879FE80013FEF4 /* pinyin.c */,
				9CE7EC2119879FE80013FEF4 /* pinyin.h */,
			);
			path = utilities;
			sourceTree = "<group>";
		};
		9CE7EC231987A0150013FEF4 /* http */ = {
			isa = PBXGroup;
			children = (
				9CC4AA42198FDBD200A5309F /* ASIHTTPRequest */,
				9C60565C1987F68900650C63 /* SDWebImage */,
				9CE7EC241987A0470013FEF4 /* HttpResult.h */,
				9CE7EC251987A0470013FEF4 /* HttpResult.m */,
				9CB4B8FE1988C29D00EEEBB0 /* NSDictionary+HTTPDictionary.h */,
				9CB4B8FF1988C29D00EEEBB0 /* NSDictionary+HTTPDictionary.m */,
			);
			path = http;
			sourceTree = "<group>";
		};
		9CF4DDEC1985FD91002AA984 = {
			isa = PBXGroup;
			children = (
				9CF4DE251985FDEA002AA984 /* pjcore */,
				9CF4DDF71985FD91002AA984 /* Frameworks */,
				9CF4DDF61985FD91002AA984 /* Products */,
			);
			sourceTree = "<group>";
		};
		9CF4DDF61985FD91002AA984 /* Products */ = {
			isa = PBXGroup;
			children = (
				9CF4DE221985FDE9002AA984 /* pjcore.framework */,
			);
			name = Products;
			sourceTree = "<group>";
		};
		9CF4DDF71985FD91002AA984 /* Frameworks */ = {
			isa = PBXGroup;
			children = (
				9CC4A9CC198FDAE800A5309F /* libASIHTTPRequest.a */,
				9C6056501987E34300650C63 /* UIKit.framework */,
				9CF4DDF81985FD91002AA984 /* Foundation.framework */,
				9CF4DE061985FD91002AA984 /* XCTest.framework */,
				9CF4DE231985FDEA002AA984 /* CoreFoundation.framework */,
			);
			name = Frameworks;
			sourceTree = "<group>";
		};
		9CF4DE251985FDEA002AA984 /* pjcore */ = {
			isa = PBXGroup;
			children = (
				9CE7EBCF19873DAC0013FEF4 /* core.h */,
				9CE7EC231987A0150013FEF4 /* http */,
				9CE7EC1F19879FE80013FEF4 /* utilities */,
				9C688FB81986A8D500DF6793 /* database */,
				9C688FBA1986A8D500DF6793 /* managers */,
				9C688FBB1986A8D500DF6793 /* res */,
				9CF4DE261985FDEA002AA984 /* Supporting Files */,
				9CE7EC1919879D610013FEF4 /* test.txt */,
				9CB4B9011988C2FD00EEEBB0 /* NSObject+ApplicationSession.h */,
				9CB4B9021988C2FD00EEEBB0 /* NSObject+ApplicationSession.m */,
				9C0966C019895843007E7E4D /* PJCore.h */,
				9C0966C119895843007E7E4D /* PJCore.m */,
				9C5CBD77198CC8C200A7658C /* CoreViewController.h */,
				9C5CBD78198CC8C200A7658C /* CoreViewController.m */,
			);
			path = pjcore;
			sourceTree = "<group>";
		};
		9CF4DE261985FDEA002AA984 /* Supporting Files */ = {
			isa = PBXGroup;
			children = (
				9CF4DE271985FDEA002AA984 /* pjcore-Info.plist */,
				9CF4DE281985FDEA002AA984 /* InfoPlist.strings */,
				9CF4DE2B1985FDEA002AA984 /* pjcore-Prefix.pch */,
			);
			name = "Supporting Files";
			sourceTree = "<group>";
		};
/* End PBXGroup section */

/* Begin PBXHeadersBuildPhase section */
		9C5CBD7A198CEAC800A7658C /* Headers */ = {
			isa = PBXHeadersBuildPhase;
			buildActionMask = 2147483647;
			files = (
				9C5CBD7B198CEB2700A7658C /* core.h in Headers */,
				9C5CBD7C198CEB2700A7658C /* MKAnnotationView+WebCache.h in Headers */,
				9C5CBD7D198CEB2700A7658C /* NSData+ImageContentType.h in Headers */,
				9C5CBD7E198CEB2700A7658C /* SDImageCache.h in Headers */,
				9C5CBD7F198CEB2700A7658C /* SDWebImageCompat.h in Headers */,
				9C5CBD80198CEB2700A7658C /* SDWebImageDecoder.h in Headers */,
				9C5CBD81198CEB2700A7658C /* SDWebImageDownloader.h in Headers */,
				9C5CBD82198CEB2700A7658C /* SDWebImageDownloaderOperation.h in Headers */,
				9C5CBD83198CEB2700A7658C /* SDWebImageManager.h in Headers */,
				9C5CBD84198CEB2700A7658C /* SDWebImageOperation.h in Headers */,
				9C5CBD85198CEB2700A7658C /* SDWebImagePrefetcher.h in Headers */,
				9C5CBD86198CEB2700A7658C /* UIButton+WebCache.h in Headers */,
				9C5CBD87198CEB2700A7658C /* UIImage+GIF.h in Headers */,
				9C5CBD88198CEB2700A7658C /* UIImage+MultiFormat.h in Headers */,
				9C5CBD89198CEB2700A7658C /* UIImage+WebP.h in Headers */,
				9C5CBD8A198CEB2700A7658C /* UIImageView+HighlightedWebCache.h in Headers */,
				9C5CBD8B198CEB2700A7658C /* UIImageView+WebCache.h in Headers */,
				9C5CBD8C198CEB2700A7658C /* UIView+WebCacheOperation.h in Headers */,
				9C5CBD8D198CEB2700A7658C /* HttpResult.h in Headers */,
				9C5CBD8E198CEB2700A7658C /* NSDictionary+HTTPDictionary.h in Headers */,
				9C5CBD8F198CEB2700A7658C /* XMLElement.h in Headers */,
				9C5CBD90198CEB2700A7658C /* GTMBase64.h in Headers */,
				9C5CBD91198CEB2700A7658C /* GTMDefines.h in Headers */,
				9C5CBD92198CEB2700A7658C /* ColorUtility.h in Headers */,
				9CC4AA63198FDBE500A5309F /* ASICloudFilesContainer.h in Headers */,
				9CC4AA7A198FDBE500A5309F /* ASIWebPageRequest.h in Headers */,
				9CC4AA64198FDBE500A5309F /* ASICloudFilesContainerRequest.h in Headers */,
				9CC4AA66198FDBE500A5309F /* ASICloudFilesObject.h in Headers */,
				9CC4AA78198FDBE500A5309F /* ASIS3Request.h in Headers */,
				9CC4AA77198FDBE500A5309F /* ASIS3ObjectRequest.h in Headers */,
				9CC4AA6C198FDBE500A5309F /* ASIFormDataRequest.h in Headers */,
				9CC4AA60198FDBE500A5309F /* ASIAuthenticationDialog.h in Headers */,
				9CC4AA6F198FDBE500A5309F /* ASIHTTPRequestDelegate.h in Headers */,
				9CC4AA75198FDBE500A5309F /* ASIS3BucketObject.h in Headers */,
				9CC4AA6D198FDBE500A5309F /* ASIHTTPRequest.h in Headers */,
				9CC4AA6A198FDBE500A5309F /* ASIDataDecompressor.h in Headers */,
				9CC4AA79198FDBE500A5309F /* ASIS3ServiceRequest.h in Headers */,
				9CC4AA72198FDBE500A5309F /* ASINSXMLParserCompat.h in Headers */,
				9CC4AA74198FDBE500A5309F /* ASIS3Bucket.h in Headers */,
				9CC4AA62198FDBE500A5309F /* ASICloudFilesCDNRequest.h in Headers */,
				9CC4AA70198FDBE500A5309F /* ASIInputStream.h in Headers */,
				9CC4AA6E198FDBE500A5309F /* ASIHTTPRequestConfig.h in Headers */,
				9CC4AA68198FDBE500A5309F /* ASICloudFilesRequest.h in Headers */,
				9CC4AA61198FDBE500A5309F /* ASICacheDelegate.h in Headers */,
				9CC4AA6B198FDBE500A5309F /* ASIDownloadCache.h in Headers */,
				9CC4AA73198FDBE500A5309F /* ASIProgressDelegate.h in Headers */,
				9CC4AA71198FDBE500A5309F /* ASINetworkQueue.h in Headers */,
				9CC4AA76198FDBE500A5309F /* ASIS3BucketRequest.h in Headers */,
				9CC4AA65198FDBE500A5309F /* ASICloudFilesContainerXMLParserDelegate.h in Headers */,
				9CC4AA67198FDBE500A5309F /* ASICloudFilesObjectRequest.h in Headers */,
				9CC4AA69198FDBE500A5309F /* ASIDataCompressor.h in Headers */,
				9CC4AA7B198FDBE500A5309F /* Reachability.h in Headers */,
				9C5CBD93198CEB2700A7658C /* DESUtility.h in Headers */,
				9C5CBD94198CEB2700A7658C /* DeviceUtility.h in Headers */,
				9C5CBD95198CEB2700A7658C /* HttpUtility.h in Headers */,
				9C5CBD96198CEB2700A7658C /* ICShortBuffer.h in Headers */,
				9C5CBD97198CEB2700A7658C /* ImageUtility.h in Headers */,
				9C5CBD98198CEB2700A7658C /* pinyin.h in Headers */,
				9C5CBD99198CEB2700A7658C /* FMDatabase.h in Headers */,
				9C5CBD9A198CEB2700A7658C /* FMDatabaseAdditions.h in Headers */,
				9C5CBD9B198CEB2700A7658C /* FMDatabasePool.h in Headers */,
				9C5CBD9C198CEB2700A7658C /* FMDatabaseQueue.h in Headers */,
				9C5CBD9D198CEB2800A7658C /* FMDB.h in Headers */,
				9C5CBD9E198CEB2800A7658C /* FMResultSet.h in Headers */,
				9C5CBD9F198CEB2800A7658C /* CoreDatabase.h in Headers */,
				9C5CBDA0198CEB2800A7658C /* NSObject+ApplicationSession.h in Headers */,
				9C5CBDA1198CEB2800A7658C /* PJCore.h in Headers */,
				9C5CBDA2198CEB2800A7658C /* CoreViewController.h in Headers */,
			);
			runOnlyForDeploymentPostprocessing = 0;
		};
/* End PBXHeadersBuildPhase section */

/* Begin PBXNativeTarget section */
		9CF4DE211985FDE9002AA984 /* pjcore */ = {
			isa = PBXNativeTarget;
			buildConfigurationList = 9CF4DE2C1985FDEA002AA984 /* Build configuration list for PBXNativeTarget "pjcore" */;
			buildPhases = (
				9CF4DE1E1985FDE9002AA984 /* Sources */,
				9CF4DE1F1985FDE9002AA984 /* Frameworks */,
				9CF4DE201985FDE9002AA984 /* Resources */,
				9C5CBD7A198CEAC800A7658C /* Headers */,
			);
			buildRules = (
			);
			dependencies = (
			);
			name = pjcore;
			productName = pjcore;
			productReference = 9CF4DE221985FDE9002AA984 /* pjcore.framework */;
			productType = "com.apple.product-type.bundle";
		};
/* End PBXNativeTarget section */

/* Begin PBXProject section */
		9CF4DDED1985FD91002AA984 /* Project object */ = {
			isa = PBXProject;
			attributes = {
				LastUpgradeCheck = 0510;
				ORGANIZATIONNAME = pj;
			};
			buildConfigurationList = 9CF4DDF01985FD91002AA984 /* Build configuration list for PBXProject "PJFramework" */;
			compatibilityVersion = "Xcode 3.2";
			developmentRegion = English;
			hasScannedForEncodings = 0;
			knownRegions = (
				en,
			);
			mainGroup = 9CF4DDEC1985FD91002AA984;
			productRefGroup = 9CF4DDF61985FD91002AA984 /* Products */;
			projectDirPath = "";
			projectRoot = "";
			targets = (
				9CF4DE211985FDE9002AA984 /* pjcore */,
			);
		};
/* End PBXProject section */

/* Begin PBXResourcesBuildPhase section */
		9CF4DE201985FDE9002AA984 /* Resources */ = {
			isa = PBXResourcesBuildPhase;
			buildActionMask = 2147483647;
			files = (
				9CE7EC1A19879D620013FEF4 /* test.txt in Resources */,
				9CF4DE2A1985FDEA002AA984 /* InfoPlist.strings in Resources */,
			);
			runOnlyForDeploymentPostprocessing = 0;
		};
/* End PBXResourcesBuildPhase section */

/* Begin PBXSourcesBuildPhase section */
		9CF4DE1E1985FDE9002AA984 /* Sources */ = {
			isa = PBXSourcesBuildPhase;
			buildActionMask = 2147483647;
			files = (
				9C60568D1987F68900650C63 /* UIView+WebCacheOperation.m in Sources */,
				9C60564A1987E29500650C63 /* ColorUtility.m in Sources */,
				9C5CBD79198CC8C200A7658C /* CoreViewController.m in Sources */,
				9C60564D1987E29500650C63 /* HttpUtility.m in Sources */,
				9C60568B1987F68900650C63 /* UIImageView+HighlightedWebCache.m in Sources */,
				9CE7EC2219879FE80013FEF4 /* pinyin.c in Sources */,
				9C6056551987E3C000650C63 /* GTMBase64.m in Sources */,
				9C60564B1987E29500650C63 /* DESUtility.m in Sources */,
				9C6056851987F68900650C63 /* SDWebImageManager.m in Sources */,
				9C6056821987F68900650C63 /* SDWebImageDecoder.m in Sources */,
				9CE7EC18198764E00013FEF4 /* FMResultSet.m in Sources */,
				9C60564F1987E29500650C63 /* ImageUtility.m in Sources */,
				9C6056861987F68900650C63 /* SDWebImagePrefetcher.m in Sources */,
				9C60568C1987F68900650C63 /* UIImageView+WebCache.m in Sources */,
				9CE7EC17198764E00013FEF4 /* FMDatabaseQueue.m in Sources */,
				9CE7EBF6198748590013FEF4 /* CoreDatabase.m in Sources */,
				9C6056881987F68900650C63 /* UIImage+GIF.m in Sources */,
				9C60568A1987F68900650C63 /* UIImage+WebP.m in Sources */,
				9C60567F1987F68900650C63 /* NSData+ImageContentType.m in Sources */,
				9C0966C219895843007E7E4D /* PJCore.m in Sources */,
				9C6056811987F68900650C63 /* SDWebImageCompat.m in Sources */,
				9C60564E1987E29500650C63 /* ICShortBuffer.m in Sources */,
				9C6056801987F68900650C63 /* SDImageCache.m in Sources */,
				9CB4B9001988C29D00EEEBB0 /* NSDictionary+HTTPDictionary.m in Sources */,
				9C6056831987F68900650C63 /* SDWebImageDownloader.m in Sources */,
				9CE7EC16198764E00013FEF4 /* FMDatabasePool.m in Sources */,
				9CE7EC14198764E00013FEF4 /* FMDatabase.m in Sources */,
				9C6056891987F68900650C63 /* UIImage+MultiFormat.m in Sources */,
				9C6056871987F68900650C63 /* UIButton+WebCache.m in Sources */,
				9CE7EC261987A0470013FEF4 /* HttpResult.m in Sources */,
				9C60567E1987F68900650C63 /* MKAnnotationView+WebCache.m in Sources */,
				9CB4B9031988C2FD00EEEBB0 /* NSObject+ApplicationSession.m in Sources */,
				9C6056841987F68900650C63 /* SDWebImageDownloaderOperation.m in Sources */,
				9C60564C1987E29500650C63 /* DeviceUtility.m in Sources */,
				9CE7EC15198764E00013FEF4 /* FMDatabaseAdditions.m in Sources */,
				9C6056581987E4D900650C63 /* XMLElement.m in Sources */,
			);
			runOnlyForDeploymentPostprocessing = 0;
		};
/* End PBXSourcesBuildPhase section */

/* Begin PBXVariantGroup section */
		9CF4DE281985FDEA002AA984 /* InfoPlist.strings */ = {
			isa = PBXVariantGroup;
			children = (
				9CF4DE291985FDEA002AA984 /* en */,
			);
			name = InfoPlist.strings;
			sourceTree = "<group>";
		};
/* End PBXVariantGroup section */

/* Begin XCBuildConfiguration section */
		9CF4DE161985FD91002AA984 /* Debug */ = {
			isa = XCBuildConfiguration;
			buildSettings = {
				ALWAYS_SEARCH_USER_PATHS = NO;
				CLANG_CXX_LANGUAGE_STANDARD = "gnu++0x";
				CLANG_CXX_LIBRARY = "libc++";
				CLANG_ENABLE_MODULES = YES;
				CLANG_ENABLE_OBJC_ARC = YES;
				CLANG_WARN_BOOL_CONVERSION = YES;
				CLANG_WARN_CONSTANT_CONVERSION = YES;
				CLANG_WARN_DIRECT_OBJC_ISA_USAGE = YES_ERROR;
				CLANG_WARN_EMPTY_BODY = YES;
				CLANG_WARN_ENUM_CONVERSION = YES;
				CLANG_WARN_INT_CONVERSION = YES;
				CLANG_WARN_OBJC_ROOT_CLASS = YES_ERROR;
				CLANG_WARN__DUPLICATE_METHOD_MATCH = YES;
				COPY_PHASE_STRIP = NO;
				GCC_C_LANGUAGE_STANDARD = gnu99;
				GCC_DYNAMIC_NO_PIC = NO;
				GCC_OPTIMIZATION_LEVEL = 0;
				GCC_PREPROCESSOR_DEFINITIONS = (
					"DEBUG=1",
					"$(inherited)",
				);
				GCC_SYMBOLS_PRIVATE_EXTERN = NO;
				GCC_WARN_64_TO_32_BIT_CONVERSION = YES;
				GCC_WARN_ABOUT_RETURN_TYPE = YES_ERROR;
				GCC_WARN_UNDECLARED_SELECTOR = YES;
				GCC_WARN_UNINITIALIZED_AUTOS = YES_AGGRESSIVE;
				GCC_WARN_UNUSED_FUNCTION = YES;
				GCC_WARN_UNUSED_VARIABLE = YES;
				IPHONEOS_DEPLOYMENT_TARGET = 5.0;
				ONLY_ACTIVE_ARCH = YES;
				SDKROOT = iphoneos;
			};
			name = Debug;
		};
		9CF4DE171985FD91002AA984 /* Release */ = {
			isa = XCBuildConfiguration;
			buildSettings = {
				ALWAYS_SEARCH_USER_PATHS = NO;
				CLANG_CXX_LANGUAGE_STANDARD = "gnu++0x";
				CLANG_CXX_LIBRARY = "libc++";
				CLANG_ENABLE_MODULES = YES;
				CLANG_ENABLE_OBJC_ARC = YES;
				CLANG_WARN_BOOL_CONVERSION = YES;
				CLANG_WARN_CONSTANT_CONVERSION = YES;
				CLANG_WARN_DIRECT_OBJC_ISA_USAGE = YES_ERROR;
				CLANG_WARN_EMPTY_BODY = YES;
				CLANG_WARN_ENUM_CONVERSION = YES;
				CLANG_WARN_INT_CONVERSION = YES;
				CLANG_WARN_OBJC_ROOT_CLASS = YES_ERROR;
				CLANG_WARN__DUPLICATE_METHOD_MATCH = YES;
				COPY_PHASE_STRIP = YES;
				ENABLE_NS_ASSERTIONS = NO;
				GCC_C_LANGUAGE_STANDARD = gnu99;
				GCC_WARN_64_TO_32_BIT_CONVERSION = YES;
				GCC_WARN_ABOUT_RETURN_TYPE = YES_ERROR;
				GCC_WARN_UNDECLARED_SELECTOR = YES;
				GCC_WARN_UNINITIALIZED_AUTOS = YES_AGGRESSIVE;
				GCC_WARN_UNUSED_FUNCTION = YES;
				GCC_WARN_UNUSED_VARIABLE = YES;
				IPHONEOS_DEPLOYMENT_TARGET = 5.0;
				SDKROOT = iphoneos;
				VALIDATE_PRODUCT = YES;
			};
			name = Release;
		};
		9CF4DE2D1985FDEA002AA984 /* Debug */ = {
			isa = XCBuildConfiguration;
			buildSettings = {
				CLANG_CXX_LIBRARY = "libstdc++";
				CLANG_ENABLE_OBJC_ARC = YES;
				COMBINE_HIDPI_IMAGES = YES;
				DEAD_CODE_STRIPPING = NO;
				FRAMEWORK_SEARCH_PATHS = (
					"$(inherited)",
					"$(PROJECT_DIR)",
					"$(USER_LIBRARY_DIR)/Developer/Xcode/DerivedData/ASIHttp-ahkpudalmhpboxbqdvloquwuqvzb/Build/Products/Debug-iphonesimulator",
					"$(USER_LIBRARY_DIR)/Developer/Xcode/DerivedData/ASIHttp-ahkpudalmhpboxbqdvloquwuqvzb/Build/Products/Release-iphonesimulator",
					"$(USER_LIBRARY_DIR)/Developer/Xcode/DerivedData/ASIHttp-eyhhipcwktdllybiumfasghykrxr/Build/Products/Debug-iphoneos",
				);
				GCC_ENABLE_OBJC_EXCEPTIONS = YES;
				GCC_PRECOMPILE_PREFIX_HEADER = YES;
				GCC_PREFIX_HEADER = "pjcore/pjcore-Prefix.pch";
				GCC_PREPROCESSOR_DEFINITIONS = (
					"DEBUG=1",
					"$(inherited)",
				);
				INFOPLIST_FILE = "pjcore/pjcore-Info.plist";
				INSTALL_PATH = "$(LOCAL_LIBRARY_DIR)/Bundles";
				LIBRARY_SEARCH_PATHS = (
					"$(inherited)",
					"$(USER_LIBRARY_DIR)/Developer/Xcode/DerivedData/ASIHTTPRequest-fsotchbjjcdcbhczoztgcywasvnh/Build/Products/Debug-iphoneos",
					"$(USER_LIBRARY_DIR)/Developer/Xcode/DerivedData/ASIHTTPRequest-abhqyrlqywgxkdawrjlgbrunhbmx/Build/Products/Debug-iphonesimulator",
				);
				LINK_WITH_STANDARD_LIBRARIES = NO;
				MACH_O_TYPE = mh_object;
				MACOSX_DEPLOYMENT_TARGET = "";
				ONLY_ACTIVE_ARCH = NO;
				OTHER_LDFLAGS = (
					"-ObjC",
					"-all_load",
				);
				PRODUCT_NAME = "$(TARGET_NAME)";
				SDKROOT = iphoneos;
				TARGETED_DEVICE_FAMILY = "1,2";
				VALID_ARCHS = "armv7 armv7s";
				WRAPPER_EXTENSION = framework;
			};
			name = Debug;
		};
		9CF4DE2E1985FDEA002AA984 /* Release */ = {
			isa = XCBuildConfiguration;
			buildSettings = {
				CLANG_CXX_LIBRARY = "libstdc++";
				CLANG_ENABLE_OBJC_ARC = YES;
				COMBINE_HIDPI_IMAGES = YES;
				DEAD_CODE_STRIPPING = NO;
				DEBUG_INFORMATION_FORMAT = "dwarf-with-dsym";
				FRAMEWORK_SEARCH_PATHS = (
					"$(inherited)",
					"$(PROJECT_DIR)",
					"$(USER_LIBRARY_DIR)/Developer/Xcode/DerivedData/ASIHttp-ahkpudalmhpboxbqdvloquwuqvzb/Build/Products/Debug-iphonesimulator",
					"$(USER_LIBRARY_DIR)/Developer/Xcode/DerivedData/ASIHttp-ahkpudalmhpboxbqdvloquwuqvzb/Build/Products/Release-iphonesimulator",
					"$(USER_LIBRARY_DIR)/Developer/Xcode/DerivedData/ASIHttp-eyhhipcwktdllybiumfasghykrxr/Build/Products/Debug-iphoneos",
				);
				GCC_ENABLE_OBJC_EXCEPTIONS = YES;
				GCC_PRECOMPILE_PREFIX_HEADER = YES;
				GCC_PREFIX_HEADER = "pjcore/pjcore-Prefix.pch";
				INFOPLIST_FILE = "pjcore/pjcore-Info.plist";
				INSTALL_PATH = "$(LOCAL_LIBRARY_DIR)/Bundles";
				LIBRARY_SEARCH_PATHS = (
					"$(inherited)",
					"$(USER_LIBRARY_DIR)/Developer/Xcode/DerivedData/ASIHTTPRequest-fsotchbjjcdcbhczoztgcywasvnh/Build/Products/Debug-iphoneos",
					"$(USER_LIBRARY_DIR)/Developer/Xcode/DerivedData/ASIHTTPRequest-abhqyrlqywgxkdawrjlgbrunhbmx/Build/Products/Debug-iphonesimulator",
				);
				LINK_WITH_STANDARD_LIBRARIES = NO;
				MACH_O_TYPE = mh_object;
				MACOSX_DEPLOYMENT_TARGET = "";
				OTHER_LDFLAGS = (
					"-ObjC",
					"-all_load",
				);
				PRODUCT_NAME = "$(TARGET_NAME)";
				SDKROOT = iphoneos;
				TARGETED_DEVICE_FAMILY = "1,2";
				VALID_ARCHS = "armv7 armv7s";
				WRAPPER_EXTENSION = framework;
			};
			name = Release;
		};
/* End XCBuildConfiguration section */

/* Begin XCConfigurationList section */
		9CF4DDF01985FD91002AA984 /* Build configuration list for PBXProject "PJFramework" */ = {
			isa = XCConfigurationList;
			buildConfigurations = (
				9CF4DE161985FD91002AA984 /* Debug */,
				9CF4DE171985FD91002AA984 /* Release */,
			);
			defaultConfigurationIsVisible = 0;
			defaultConfigurationName = Release;
		};
		9CF4DE2C1985FDEA002AA984 /* Build configuration list for PBXNativeTarget "pjcore" */ = {
			isa = XCConfigurationList;
			buildConfigurations = (
				9CF4DE2D1985FDEA002AA984 /* Debug */,
				9CF4DE2E1985FDEA002AA984 /* Release */,
			);
			defaultConfigurationIsVisible = 0;
			defaultConfigurationName = Release;
		};
/* End XCConfigurationList section */
	};
	rootObject = 9CF4DDED1985FD91002AA984 /* Project object */;
}
